
Microsoft Visual Studio Solution File, Format Version 12.00
# Visual Studio 15
VisualStudioVersion = 15.0.28307.1831
MinimumVisualStudioVersion = 10.0.40219.1
Project("{8BC9CEB8-8B4A-11D0-8D11-00A0C91BC942}") = "SPU", "SPU\SPU.vcxproj", "{AD4425D2-3969-4177-9294-DA7AFA0F7D01}"
EndProject
Project("{8BC9CEB8-8B4A-11D0-8D11-00A0C91BC942}") = "Function", "Function\Function.vcxproj", "{1B629E6E-A2C0-4538-B557-E86AC2F40CC1}"
EndProject
Project("{8BC9CEB8-8B4A-11D0-8D11-00A0C91BC942}") = "Functions", "Functions\Functions.vcxproj", "{72E7A1B7-4EF5-40D9-9E7C-F42626677609}"
EndProject
Project("{8BC9CEB8-8B4A-11D0-8D11-00A0C91BC942}") = "IntroductionOOPSPU", "IntroductionOOPSPU\IntroductionOOPSPU.vcxproj", "{9678071C-24B2-4D1F-932A-7B25D253BA1E}"
EndProject
Project("{8BC9CEB8-8B4A-11D0-8D11-00A0C91BC942}") = "Fraction", "Fraction\Fraction.vcxproj", "{5B3987FB-46C4-4534-9F0E-B05310A7FDAA}"
EndProject
Global
	GlobalSection(SolutionConfigurationPlatforms) = preSolution
		Debug|x64 = Debug|x64
		Debug|x86 = Debug|x86
		Release|x64 = Release|x64
		Release|x86 = Release|x86
	EndGlobalSection
	GlobalSection(ProjectConfigurationPlatforms) = postSolution
		{AD4425D2-3969-4177-9294-DA7AFA0F7D01}.Debug|x64.ActiveCfg = Debug|x64
		{AD4425D2-3969-4177-9294-DA7AFA0F7D01}.Debug|x64.Build.0 = Debug|x64
		{AD4425D2-3969-4177-9294-DA7AFA0F7D01}.Debug|x86.ActiveCfg = Debug|Win32
		{AD4425D2-3969-4177-9294-DA7AFA0F7D01}.Debug|x86.Build.0 = Debug|Win32
		{AD4425D2-3969-4177-9294-DA7AFA0F7D01}.Release|x64.ActiveCfg = Release|x64
		{AD4425D2-3969-4177-9294-DA7AFA0F7D01}.Release|x64.Build.0 = Release|x64
		{AD4425D2-3969-4177-9294-DA7AFA0F7D01}.Release|x86.ActiveCfg = Release|Win32
		{AD4425D2-3969-4177-9294-DA7AFA0F7D01}.Release|x86.Build.0 = Release|Win32
		{1B629E6E-A2C0-4538-B557-E86AC2F40CC1}.Debug|x64.ActiveCfg = Debug|x64
		{1B629E6E-A2C0-4538-B557-E86AC2F40CC1}.Debug|x64.Build.0 = Debug|x64
		{1B629E6E-A2C0-4538-B557-E86AC2F40CC1}.Debug|x86.ActiveCfg = Debug|Win32
		{1B629E6E-A2C0-4538-B557-E86AC2F40CC1}.Debug|x86.Build.0 = Debug|Win32
		{1B629E6E-A2C0-4538-B557-E86AC2F40CC1}.Release|x64.ActiveCfg = Release|x64
		{1B629E6E-A2C0-4538-B557-E86AC2F40CC1}.Release|x64.Build.0 = Release|x64
		{1B629E6E-A2C0-4538-B557-E86AC2F40CC1}.Release|x86.ActiveCfg = Release|Win32
		{1B629E6E-A2C0-4538-B557-E86AC2F40CC1}.Release|x86.Build.0 = Release|Win32
		{72E7A1B7-4EF5-40D9-9E7C-F42626677609}.Debug|x64.ActiveCfg = Debug|x64
		{72E7A1B7-4EF5-40D9-9E7C-F42626677609}.Debug|x64.Build.0 = Debug|x64
		{72E7A1B7-4EF5-40D9-9E7C-F42626677609}.Debug|x86.ActiveCfg = Debug|Win32
		{72E7A1B7-4EF5-40D9-9E7C-F42626677609}.Debug|x86.Build.0 = Debug|Win32
		{72E7A1B7-4EF5-40D9-9E7C-F42626677609}.Release|x64.ActiveCfg = Release|x64
		{72E7A1B7-4EF5-40D9-9E7C-F42626677609}.Release|x64.Build.0 = Release|x64
		{72E7A1B7-4EF5-40D9-9E7C-F42626677609}.Release|x86.ActiveCfg = Release|Win32
		{72E7A1B7-4EF5-40D9-9E7C-F42626677609}.Release|x86.Build.0 = Release|Win32
		{9678071C-24B2-4D1F-932A-7B25D253BA1E}.Debug|x64.ActiveCfg = Debug|x64
		{9678071C-24B2-4D1F-932A-7B25D253BA1E}.Debug|x64.Build.0 = Debug|x64
		{9678071C-24B2-4D1F-932A-7B25D253BA1E}.Debug|x86.ActiveCfg = Debug|Win32
		{9678071C-24B2-4D1F-932A-7B25D253BA1E}.Debug|x86.Build.0 = Debug|Win32
		{9678071C-24B2-4D1F-932A-7B25D253BA1E}.Release|x64.ActiveCfg = Release|x64
		{9678071C-24B2-4D1F-932A-7B25D253BA1E}.Release|x64.Build.0 = Release|x64
		{9678071C-24B2-4D1F-932A-7B25D253BA1E}.Release|x86.ActiveCfg = Release|Win32
		{9678071C-24B2-4D1F-932A-7B25D253BA1E}.Release|x86.Build.0 = Release|Win32
		{5B3987FB-46C4-4534-9F0E-B05310A7FDAA}.Debug|x64.ActiveCfg = Debug|x64
		{5B3987FB-46C4-4534-9F0E-B05310A7FDAA}.Debug|x64.Build.0 = Debug|x64
		{5B3987FB-46C4-4534-9F0E-B05310A7FDAA}.Debug|x86.ActiveCfg = Debug|Win32
		{5B3987FB-46C4-4534-9F0E-B05310A7FDAA}.Debug|x86.Build.0 = Debug|Win32
		{5B3987FB-46C4-4534-9F0E-B05310A7FDAA}.Release|x64.ActiveCfg = Release|x64
		{5B3987FB-46C4-4534-9F0E-B05310A7FDAA}.Release|x64.Build.0 = Release|x64
		{5B3987FB-46C4-4534-9F0E-B05310A7FDAA}.Release|x86.ActiveCfg = Release|Win32
		{5B3987FB-46C4-4534-9F0E-B05310A7FDAA}.Release|x86.Build.0 = Release|Win32
	EndGlobalSection
	GlobalSection(SolutionProperties) = preSolution
		HideSolutionNode = FALSE
	EndGlobalSection
	GlobalSection(ExtensibilityGlobals) = postSolution
		SolutionGuid = {20BEE793-1EAE-4B7A-AF36-E7FD0AFCBF3A}
	EndGlobalSection
EndGlobal
